
Microsoft Visual Studio Solution File, Format Version 12.00
# Visual Studio Version 17
VisualStudioVersion = 17.2.32519.379
MinimumVisualStudioVersion = 10.0.40219.1
Project("{888888A0-9F3D-457C-B088-3A5042F75D52}") = "codewar_50", "codewar_50.pyproj", "{E46EB35D-B4FE-4707-AC3E-474025A3701F}"
EndProject
Global
	GlobalSection(SolutionConfigurationPlatforms) = preSolution
		Debug|Any CPU = Debug|Any CPU
		Release|Any CPU = Release|Any CPU
	EndGlobalSection
	GlobalSection(ProjectConfigurationPlatforms) = postSolution
		{E46EB35D-B4FE-4707-AC3E-474025A3701F}.Debug|Any CPU.ActiveCfg = Debug|Any CPU
		{E46EB35D-B4FE-4707-AC3E-474025A3701F}.Release|Any CPU.ActiveCfg = Release|Any CPU
	EndGlobalSection
	GlobalSection(SolutionProperties) = preSolution
		HideSolutionNode = FALSE
	EndGlobalSection
	GlobalSection(ExtensibilityGlobals) = postSolution
		SolutionGuid = {1B6A8B48-21E7-4B12-A6A4-45CCFA7B32DF}
	EndGlobalSection
EndGlobal
